
Microsoft Visual Studio Solution File, Format Version 12.00
# Visual Studio Version 17
VisualStudioVersion = 17.6.33815.320
MinimumVisualStudioVersion = 10.0.40219.1
Project("{FAE04EC0-301F-11D3-BF4B-00C04F79EFBC}") = "IcecastAutoStreamRecorder", "IcecastAutoStreamRecorder.csproj", "{0D169E19-F762-4698-9135-7F3E696B0E9A}"
EndProject
Global
	GlobalSection(SolutionConfigurationPlatforms) = preSolution
		Debug|Any CPU = Debug|Any CPU
		Release|Any CPU = Release|Any CPU
	EndGlobalSection
	GlobalSection(ProjectConfigurationPlatforms) = postSolution
		{0D169E19-F762-4698-9135-7F3E696B0E9A}.Debug|Any CPU.ActiveCfg = Debug|Any CPU
		{0D169E19-F762-4698-9135-7F3E696B0E9A}.Debug|Any CPU.Build.0 = Debug|Any CPU
		{0D169E19-F762-4698-9135-7F3E696B0E9A}.Release|Any CPU.ActiveCfg = Release|Any CPU
		{0D169E19-F762-4698-9135-7F3E696B0E9A}.Release|Any CPU.Build.0 = Release|Any CPU
	EndGlobalSection
	GlobalSection(SolutionProperties) = preSolution
		HideSolutionNode = FALSE
	EndGlobalSection
	GlobalSection(ExtensibilityGlobals) = postSolution
		SolutionGuid = {FD471F40-7EF0-40C8-857D-CCB4748A2D8B}
	EndGlobalSection
EndGlobal
